{
  "name": "cy-project",
  "version": "1.0.0",
  "lockfileVersion": 3,
  "requires": true,
  "packages": {
    "": {
      "name": "cy-project",
      "version": "1.0.0",
      "license": "MIT",
      "dependencies": {
        "cypress-xpath": "^2.0.1",
        "random-js": "^2.1.0",
        "xpath": "^0.0.33"
      },
      "devDependencies": {
        "faker": "^5.5.3"
      }
    },
    "node_modules/cypress-xpath": {
      "version": "2.0.1",
      "resolved": "https://registry.npmjs.org/cypress-xpath/-/cypress-xpath-2.0.1.tgz",
      "integrity": "sha512-qMagjvinBppNJdMAkucWESP9aP4rDTs7c96m0vwMuZTVx3NqP2E3z/hkoRf8Ea9soL8yTvUuuyF1cg/Sb1Yhbg==",
      "license": "MIT"
    },
    "node_modules/faker": {
      "version": "5.5.3",
      "resolved": "https://registry.npmjs.org/faker/-/faker-5.5.3.tgz",
      "integrity": "sha512-wLTv2a28wjUyWkbnX7u/ABZBkUkIF2fCd73V6P2oFqEGEktDfzWx4UxrSqtPRw0xPRAcjeAOIiJWqZm3pP4u3g==",
      "dev": true
    },
    "node_modules/random-js": {
      "version": "2.1.0",
      "resolved": "https://registry.npmjs.org/random-js/-/random-js-2.1.0.tgz",
      "integrity": "sha512-CRUyWmnzmZBA7RZSVGq0xMqmgCyPPxbiKNLFA5ud7KenojVX2s7Gv+V7eB52beKTPGxWRnVZ7D/tCIgYJJ8vNQ=="
    },
    "node_modules/xpath": {
      "version": "0.0.33",
      "resolved": "https://registry.npmjs.org/xpath/-/xpath-0.0.33.tgz",
      "integrity": "sha512-NNXnzrkDrAzalLhIUc01jO2mOzXGXh1JwPgkihcLLzw98c0WgYDmmjSh1Kl3wzaxSVWMuA+fe0WTWOBDWCBmNA==",
      "license": "MIT",
      "engines": {
        "node": ">=0.6.0"
      }
    }
  }
}
